// !$*UTF8*$!
{
	archiveVersion = 1;
	classes = {
	};
	objectVersion = 56;
	objects = {

/* Begin PBXBuildFile section */
		95589F852CCCC16000F63AF4 /* iOSTestJigneshLloydsBankingTests.swift in Sources */ = {isa = PBXBuildFile; fileRef = 95589F842CCCC16000F63AF4 /* iOSTestJigneshLloydsBankingTests.swift */; };
		95589F8F2CCCC16000F63AF4 /* iOSTestJigneshLloydsBankingUITests.swift in Sources */ = {isa = PBXBuildFile; fileRef = 95589F8E2CCCC16000F63AF4 /* iOSTestJigneshLloydsBankingUITests.swift */; };
		95589F912CCCC16000F63AF4 /* iOSTestJigneshLloydsBankingUITestsLaunchTests.swift in Sources */ = {isa = PBXBuildFile; fileRef = 95589F902CCCC16000F63AF4 /* iOSTestJigneshLloydsBankingUITestsLaunchTests.swift */; };
		956F18F02CCF54A000794F06 /* CharacterRow.swift in Sources */ = {isa = PBXBuildFile; fileRef = 956F18EF2CCF54A000794F06 /* CharacterRow.swift */; };
		956F18F42CCF563D00794F06 /* APIConstants.swift in Sources */ = {isa = PBXBuildFile; fileRef = 956F18F32CCF563D00794F06 /* APIConstants.swift */; };
		958021F02CDA1D0D00CCCD2C /* CharacterViewModelProtocol.swift in Sources */ = {isa = PBXBuildFile; fileRef = 958021EF2CDA1D0D00CCCD2C /* CharacterViewModelProtocol.swift */; };
		958021F22CDA1F9100CCCD2C /* CharactersViewModelTests.swift in Sources */ = {isa = PBXBuildFile; fileRef = 958021F12CDA1F9100CCCD2C /* CharactersViewModelTests.swift */; };
		95A7B78F2CCE40C500C239F8 /* CharacterDetailView.swift in Sources */ = {isa = PBXBuildFile; fileRef = 95A7B7812CCE40C500C239F8 /* CharacterDetailView.swift */; };
		95A7B7902CCE40C500C239F8 /* Character.swift in Sources */ = {isa = PBXBuildFile; fileRef = 95A7B7832CCE40C500C239F8 /* Character.swift */; };
		95A7B7912CCE40C500C239F8 /* NetworkManager.swift in Sources */ = {isa = PBXBuildFile; fileRef = 95A7B7852CCE40C500C239F8 /* NetworkManager.swift */; };
		95A7B7922CCE40C500C239F8 /* Preview Assets.xcassets in Resources */ = {isa = PBXBuildFile; fileRef = 95A7B7872CCE40C500C239F8 /* Preview Assets.xcassets */; };
		95A7B7932CCE40C500C239F8 /* CharacterViewModel.swift in Sources */ = {isa = PBXBuildFile; fileRef = 95A7B7892CCE40C500C239F8 /* CharacterViewModel.swift */; };
		95A7B7942CCE40C500C239F8 /* Assets.xcassets in Resources */ = {isa = PBXBuildFile; fileRef = 95A7B78B2CCE40C500C239F8 /* Assets.xcassets */; };
		95A7B7952CCE40C500C239F8 /* HomeCharacterListView.swift in Sources */ = {isa = PBXBuildFile; fileRef = 95A7B78C2CCE40C500C239F8 /* HomeCharacterListView.swift */; };
		95A7B7962CCE40C500C239F8 /* iOSTestJigneshLloydsBankingApp.swift in Sources */ = {isa = PBXBuildFile; fileRef = 95A7B78D2CCE40C500C239F8 /* iOSTestJigneshLloydsBankingApp.swift */; };
		95A7B7982CCE51F100C239F8 /* NetworkManaging.swift in Sources */ = {isa = PBXBuildFile; fileRef = 95A7B7972CCE51F000C239F8 /* NetworkManaging.swift */; };
		95A7B79B2CCE522F00C239F8 /* NetworkError.swift in Sources */ = {isa = PBXBuildFile; fileRef = 95A7B79A2CCE522F00C239F8 /* NetworkError.swift */; };
/* End PBXBuildFile section */

/* Begin PBXContainerItemProxy section */
		95589F812CCCC16000F63AF4 /* PBXContainerItemProxy */ = {
			isa = PBXContainerItemProxy;
			containerPortal = 95589F682CCCC15E00F63AF4 /* Project object */;
			proxyType = 1;
			remoteGlobalIDString = 95589F6F2CCCC15F00F63AF4;
			remoteInfo = iOSTestJigneshLloydsBanking;
		};
		95589F8B2CCCC16000F63AF4 /* PBXContainerItemProxy */ = {
			isa = PBXContainerItemProxy;
			containerPortal = 95589F682CCCC15E00F63AF4 /* Project object */;
			proxyType = 1;
			remoteGlobalIDString = 95589F6F2CCCC15F00F63AF4;
			remoteInfo = iOSTestJigneshLloydsBanking;
		};
/* End PBXContainerItemProxy section */

/* Begin PBXFileReference section */
		95589F702CCCC15F00F63AF4 /* iOSTestJigneshLB.app */ = {isa = PBXFileReference; explicitFileType = wrapper.application; includeInIndex = 0; path = iOSTestJigneshLB.app; sourceTree = BUILT_PRODUCTS_DIR; };
		95589F802CCCC16000F63AF4 /* iOSTestJigneshLBTests.xctest */ = {isa = PBXFileReference; explicitFileType = wrapper.cfbundle; includeInIndex = 0; path = iOSTestJigneshLBTests.xctest; sourceTree = BUILT_PRODUCTS_DIR; };
		95589F842CCCC16000F63AF4 /* iOSTestJigneshLloydsBankingTests.swift */ = {isa = PBXFileReference; lastKnownFileType = sourcecode.swift; path = iOSTestJigneshLloydsBankingTests.swift; sourceTree = "<group>"; };
		95589F8A2CCCC16000F63AF4 /* iOSTestJigneshLBUITests.xctest */ = {isa = PBXFileReference; explicitFileType = wrapper.cfbundle; includeInIndex = 0; path = iOSTestJigneshLBUITests.xctest; sourceTree = BUILT_PRODUCTS_DIR; };
		95589F8E2CCCC16000F63AF4 /* iOSTestJigneshLloydsBankingUITests.swift */ = {isa = PBXFileReference; lastKnownFileType = sourcecode.swift; path = iOSTestJigneshLloydsBankingUITests.swift; sourceTree = "<group>"; };
		95589F902CCCC16000F63AF4 /* iOSTestJigneshLloydsBankingUITestsLaunchTests.swift */ = {isa = PBXFileReference; lastKnownFileType = sourcecode.swift; path = iOSTestJigneshLloydsBankingUITestsLaunchTests.swift; sourceTree = "<group>"; };
		956F18EF2CCF54A000794F06 /* CharacterRow.swift */ = {isa = PBXFileReference; lastKnownFileType = sourcecode.swift; path = CharacterRow.swift; sourceTree = "<group>"; };
		956F18F32CCF563D00794F06 /* APIConstants.swift */ = {isa = PBXFileReference; lastKnownFileType = sourcecode.swift; path = APIConstants.swift; sourceTree = "<group>"; };
		958021EF2CDA1D0D00CCCD2C /* CharacterViewModelProtocol.swift */ = {isa = PBXFileReference; lastKnownFileType = sourcecode.swift; path = CharacterViewModelProtocol.swift; sourceTree = "<group>"; };
		958021F12CDA1F9100CCCD2C /* CharactersViewModelTests.swift */ = {isa = PBXFileReference; lastKnownFileType = sourcecode.swift; path = CharactersViewModelTests.swift; sourceTree = "<group>"; };
		95A7B7812CCE40C500C239F8 /* CharacterDetailView.swift */ = {isa = PBXFileReference; fileEncoding = 4; lastKnownFileType = sourcecode.swift; path = CharacterDetailView.swift; sourceTree = "<group>"; };
		95A7B7832CCE40C500C239F8 /* Character.swift */ = {isa = PBXFileReference; fileEncoding = 4; lastKnownFileType = sourcecode.swift; path = Character.swift; sourceTree = "<group>"; };
		95A7B7852CCE40C500C239F8 /* NetworkManager.swift */ = {isa = PBXFileReference; fileEncoding = 4; lastKnownFileType = sourcecode.swift; path = NetworkManager.swift; sourceTree = "<group>"; };
		95A7B7872CCE40C500C239F8 /* Preview Assets.xcassets */ = {isa = PBXFileReference; lastKnownFileType = folder.assetcatalog; path = "Preview Assets.xcassets"; sourceTree = "<group>"; };
		95A7B7892CCE40C500C239F8 /* CharacterViewModel.swift */ = {isa = PBXFileReference; fileEncoding = 4; lastKnownFileType = sourcecode.swift; path = CharacterViewModel.swift; sourceTree = "<group>"; };
		95A7B78B2CCE40C500C239F8 /* Assets.xcassets */ = {isa = PBXFileReference; lastKnownFileType = folder.assetcatalog; path = Assets.xcassets; sourceTree = "<group>"; };
		95A7B78C2CCE40C500C239F8 /* HomeCharacterListView.swift */ = {isa = PBXFileReference; fileEncoding = 4; lastKnownFileType = sourcecode.swift; path = HomeCharacterListView.swift; sourceTree = "<group>"; };
		95A7B78D2CCE40C500C239F8 /* iOSTestJigneshLloydsBankingApp.swift */ = {isa = PBXFileReference; fileEncoding = 4; lastKnownFileType = sourcecode.swift; path = iOSTestJigneshLloydsBankingApp.swift; sourceTree = "<group>"; };
		95A7B7972CCE51F000C239F8 /* NetworkManaging.swift */ = {isa = PBXFileReference; lastKnownFileType = sourcecode.swift; path = NetworkManaging.swift; sourceTree = "<group>"; };
		95A7B79A2CCE522F00C239F8 /* NetworkError.swift */ = {isa = PBXFileReference; lastKnownFileType = sourcecode.swift; path = NetworkError.swift; sourceTree = "<group>"; };
/* End PBXFileReference section */

/* Begin PBXFrameworksBuildPhase section */
		95589F6D2CCCC15F00F63AF4 /* Frameworks */ = {
			isa = PBXFrameworksBuildPhase;
			buildActionMask = 2147483647;
			files = (
			);
			runOnlyForDeploymentPostprocessing = 0;
		};
		95589F7D2CCCC16000F63AF4 /* Frameworks */ = {
			isa = PBXFrameworksBuildPhase;
			buildActionMask = 2147483647;
			files = (
			);
			runOnlyForDeploymentPostprocessing = 0;
		};
		95589F872CCCC16000F63AF4 /* Frameworks */ = {
			isa = PBXFrameworksBuildPhase;
			buildActionMask = 2147483647;
			files = (
			);
			runOnlyForDeploymentPostprocessing = 0;
		};
/* End PBXFrameworksBuildPhase section */

/* Begin PBXGroup section */
		95589F672CCCC15E00F63AF4 = {
			isa = PBXGroup;
			children = (
				95A7B78E2CCE40C500C239F8 /* iOSTestiOSTestJigneshLB */,
				95589F832CCCC16000F63AF4 /* iOSTestJigneshLloydsBankingTests */,
				95589F8D2CCCC16000F63AF4 /* iOSTestJigneshLloydsBankingUITests */,
				95589F712CCCC15F00F63AF4 /* Products */,
			);
			sourceTree = "<group>";
		};
		95589F712CCCC15F00F63AF4 /* Products */ = {
			isa = PBXGroup;
			children = (
				95589F702CCCC15F00F63AF4 /* iOSTestJigneshLB.app */,
				95589F802CCCC16000F63AF4 /* iOSTestJigneshLBTests.xctest */,
				95589F8A2CCCC16000F63AF4 /* iOSTestJigneshLBUITests.xctest */,
			);
			name = Products;
			sourceTree = "<group>";
		};
		95589F832CCCC16000F63AF4 /* iOSTestJigneshLloydsBankingTests */ = {
			isa = PBXGroup;
			children = (
				95589F842CCCC16000F63AF4 /* iOSTestJigneshLloydsBankingTests.swift */,
				958021F12CDA1F9100CCCD2C /* CharactersViewModelTests.swift */,
			);
			path = iOSTestJigneshLloydsBankingTests;
			sourceTree = "<group>";
		};
		95589F8D2CCCC16000F63AF4 /* iOSTestJigneshLloydsBankingUITests */ = {
			isa = PBXGroup;
			children = (
				95589F8E2CCCC16000F63AF4 /* iOSTestJigneshLloydsBankingUITests.swift */,
				95589F902CCCC16000F63AF4 /* iOSTestJigneshLloydsBankingUITestsLaunchTests.swift */,
			);
			path = iOSTestJigneshLloydsBankingUITests;
			sourceTree = "<group>";
		};
		956F18EE2CCF547B00794F06 /* UIHomeCharacterRowCell */ = {
			isa = PBXGroup;
			children = (
				956F18EF2CCF54A000794F06 /* CharacterRow.swift */,
			);
			path = UIHomeCharacterRowCell;
			sourceTree = "<group>";
		};
		956F18F12CCF54BB00794F06 /* ErrorHandling */ = {
			isa = PBXGroup;
			children = (
				95A7B79A2CCE522F00C239F8 /* NetworkError.swift */,
			);
			path = ErrorHandling;
			sourceTree = "<group>";
		};
		956F18F22CCF562C00794F06 /* APIConstant */ = {
			isa = PBXGroup;
			children = (
				956F18F32CCF563D00794F06 /* APIConstants.swift */,
			);
			path = APIConstant;
			sourceTree = "<group>";
		};
		95A7B7822CCE40C500C239F8 /* CharacterDetails */ = {
			isa = PBXGroup;
			children = (
				95A7B7812CCE40C500C239F8 /* CharacterDetailView.swift */,
			);
			path = CharacterDetails;
			sourceTree = "<group>";
		};
		95A7B7842CCE40C500C239F8 /* Model */ = {
			isa = PBXGroup;
			children = (
				95A7B7832CCE40C500C239F8 /* Character.swift */,
			);
			path = Model;
			sourceTree = "<group>";
		};
		95A7B7862CCE40C500C239F8 /* NetworkManager */ = {
			isa = PBXGroup;
			children = (
				95A7B7852CCE40C500C239F8 /* NetworkManager.swift */,
				95A7B7972CCE51F000C239F8 /* NetworkManaging.swift */,
			);
			path = NetworkManager;
			sourceTree = "<group>";
		};
		95A7B7882CCE40C500C239F8 /* Preview Content */ = {
			isa = PBXGroup;
			children = (
				95A7B7872CCE40C500C239F8 /* Preview Assets.xcassets */,
			);
			path = "Preview Content";
			sourceTree = "<group>";
		};
		95A7B78A2CCE40C500C239F8 /* ViewModel */ = {
			isa = PBXGroup;
			children = (
				95A7B7892CCE40C500C239F8 /* CharacterViewModel.swift */,
				958021EF2CDA1D0D00CCCD2C /* CharacterViewModelProtocol.swift */,
			);
			path = ViewModel;
			sourceTree = "<group>";
		};
		95A7B78E2CCE40C500C239F8 /* iOSTestiOSTestJigneshLB */ = {
			isa = PBXGroup;
			children = (
				95A7B79E2CCE744000C239F8 /* HomeScreen */,
				95A7B7992CCE521700C239F8 /* HelperClasses */,
				95A7B7822CCE40C500C239F8 /* CharacterDetails */,
				95A7B7842CCE40C500C239F8 /* Model */,
				95A7B7862CCE40C500C239F8 /* NetworkManager */,
				95A7B7882CCE40C500C239F8 /* Preview Content */,
				95A7B78A2CCE40C500C239F8 /* ViewModel */,
				95A7B78B2CCE40C500C239F8 /* Assets.xcassets */,
				95A7B78D2CCE40C500C239F8 /* iOSTestJigneshLloydsBankingApp.swift */,
			);
			path = iOSTestiOSTestJigneshLB;
			sourceTree = "<group>";
		};
		95A7B7992CCE521700C239F8 /* HelperClasses */ = {
			isa = PBXGroup;
			children = (
				956F18F22CCF562C00794F06 /* APIConstant */,
				956F18F12CCF54BB00794F06 /* ErrorHandling */,
				956F18EE2CCF547B00794F06 /* UIHomeCharacterRowCell */,
			);
			path = HelperClasses;
			sourceTree = "<group>";
		};
		95A7B79E2CCE744000C239F8 /* HomeScreen */ = {
			isa = PBXGroup;
			children = (
				95A7B78C2CCE40C500C239F8 /* HomeCharacterListView.swift */,
			);
			path = HomeScreen;
			sourceTree = "<group>";
		};
/* End PBXGroup section */

/* Begin PBXNativeTarget section */
		95589F6F2CCCC15F00F63AF4 /* iOSTestJigneshLB */ = {
			isa = PBXNativeTarget;
			buildConfigurationList = 95589F942CCCC16100F63AF4 /* Build configuration list for PBXNativeTarget "iOSTestJigneshLB" */;
			buildPhases = (
				95589F6C2CCCC15F00F63AF4 /* Sources */,
				95589F6D2CCCC15F00F63AF4 /* Frameworks */,
				95589F6E2CCCC15F00F63AF4 /* Resources */,
			);
			buildRules = (
			);
			dependencies = (
			);
			name = iOSTestJigneshLB;
			productName = iOSTestJigneshLloydsBanking;
			productReference = 95589F702CCCC15F00F63AF4 /* iOSTestJigneshLB.app */;
			productType = "com.apple.product-type.application";
		};
		95589F7F2CCCC16000F63AF4 /* iOSTestJigneshLBTests */ = {
			isa = PBXNativeTarget;
			buildConfigurationList = 95589F972CCCC16100F63AF4 /* Build configuration list for PBXNativeTarget "iOSTestJigneshLBTests" */;
			buildPhases = (
				95589F7C2CCCC16000F63AF4 /* Sources */,
				95589F7D2CCCC16000F63AF4 /* Frameworks */,
				95589F7E2CCCC16000F63AF4 /* Resources */,
			);
			buildRules = (
			);
			dependencies = (
				95589F822CCCC16000F63AF4 /* PBXTargetDependency */,
			);
			name = iOSTestJigneshLBTests;
			productName = iOSTestJigneshLloydsBankingTests;
			productReference = 95589F802CCCC16000F63AF4 /* iOSTestJigneshLBTests.xctest */;
			productType = "com.apple.product-type.bundle.unit-test";
		};
		95589F892CCCC16000F63AF4 /* iOSTestJigneshLBUITests */ = {
			isa = PBXNativeTarget;
			buildConfigurationList = 95589F9A2CCCC16100F63AF4 /* Build configuration list for PBXNativeTarget "iOSTestJigneshLBUITests" */;
			buildPhases = (
				95589F862CCCC16000F63AF4 /* Sources */,
				95589F872CCCC16000F63AF4 /* Frameworks */,
				95589F882CCCC16000F63AF4 /* Resources */,
			);
			buildRules = (
			);
			dependencies = (
				95589F8C2CCCC16000F63AF4 /* PBXTargetDependency */,
			);
			name = iOSTestJigneshLBUITests;
			productName = iOSTestJigneshLloydsBankingUITests;
			productReference = 95589F8A2CCCC16000F63AF4 /* iOSTestJigneshLBUITests.xctest */;
			productType = "com.apple.product-type.bundle.ui-testing";
		};
/* End PBXNativeTarget section */

/* Begin PBXProject section */
		95589F682CCCC15E00F63AF4 /* Project object */ = {
			isa = PBXProject;
			attributes = {
				BuildIndependentTargetsInParallel = 1;
				LastSwiftUpdateCheck = 1540;
				LastUpgradeCheck = 1540;
				TargetAttributes = {
					95589F6F2CCCC15F00F63AF4 = {
						CreatedOnToolsVersion = 15.4;
					};
					95589F7F2CCCC16000F63AF4 = {
						CreatedOnToolsVersion = 15.4;
						TestTargetID = 95589F6F2CCCC15F00F63AF4;
					};
					95589F892CCCC16000F63AF4 = {
						CreatedOnToolsVersion = 15.4;
						TestTargetID = 95589F6F2CCCC15F00F63AF4;
					};
				};
			};
			buildConfigurationList = 95589F6B2CCCC15E00F63AF4 /* Build configuration list for PBXProject "iOSTestJigneshLB" */;
			compatibilityVersion = "Xcode 14.0";
			developmentRegion = en;
			hasScannedForEncodings = 0;
			knownRegions = (
				en,
				Base,
			);
			mainGroup = 95589F672CCCC15E00F63AF4;
			packageReferences = (
				958021F32CDA564200CCCD2C /* XCRemoteSwiftPackageReference "SwiftLintPlugins" */,
			);
			productRefGroup = 95589F712CCCC15F00F63AF4 /* Products */;
			projectDirPath = "";
			projectRoot = "";
			targets = (
				95589F6F2CCCC15F00F63AF4 /* iOSTestJigneshLB */,
				95589F7F2CCCC16000F63AF4 /* iOSTestJigneshLBTests */,
				95589F892CCCC16000F63AF4 /* iOSTestJigneshLBUITests */,
			);
		};
/* End PBXProject section */

/* Begin PBXResourcesBuildPhase section */
		95589F6E2CCCC15F00F63AF4 /* Resources */ = {
			isa = PBXResourcesBuildPhase;
			buildActionMask = 2147483647;
			files = (
				95A7B7942CCE40C500C239F8 /* Assets.xcassets in Resources */,
				95A7B7922CCE40C500C239F8 /* Preview Assets.xcassets in Resources */,
			);
			runOnlyForDeploymentPostprocessing = 0;
		};
		95589F7E2CCCC16000F63AF4 /* Resources */ = {
			isa = PBXResourcesBuildPhase;
			buildActionMask = 2147483647;
			files = (
			);
			runOnlyForDeploymentPostprocessing = 0;
		};
		95589F882CCCC16000F63AF4 /* Resources */ = {
			isa = PBXResourcesBuildPhase;
			buildActionMask = 2147483647;
			files = (
			);
			runOnlyForDeploymentPostprocessing = 0;
		};
/* End PBXResourcesBuildPhase section */

/* Begin PBXSourcesBuildPhase section */
		95589F6C2CCCC15F00F63AF4 /* Sources */ = {
			isa = PBXSourcesBuildPhase;
			buildActionMask = 2147483647;
			files = (
				95A7B7932CCE40C500C239F8 /* CharacterViewModel.swift in Sources */,
				956F18F02CCF54A000794F06 /* CharacterRow.swift in Sources */,
				958021F02CDA1D0D00CCCD2C /* CharacterViewModelProtocol.swift in Sources */,
				95A7B79B2CCE522F00C239F8 /* NetworkError.swift in Sources */,
				95A7B7982CCE51F100C239F8 /* NetworkManaging.swift in Sources */,
				95A7B7952CCE40C500C239F8 /* HomeCharacterListView.swift in Sources */,
				95A7B7962CCE40C500C239F8 /* iOSTestJigneshLloydsBankingApp.swift in Sources */,
				956F18F42CCF563D00794F06 /* APIConstants.swift in Sources */,
				95A7B7912CCE40C500C239F8 /* NetworkManager.swift in Sources */,
				95A7B78F2CCE40C500C239F8 /* CharacterDetailView.swift in Sources */,
				95A7B7902CCE40C500C239F8 /* Character.swift in Sources */,
			);
			runOnlyForDeploymentPostprocessing = 0;
		};
		95589F7C2CCCC16000F63AF4 /* Sources */ = {
			isa = PBXSourcesBuildPhase;
			buildActionMask = 2147483647;
			files = (
				958021F22CDA1F9100CCCD2C /* CharactersViewModelTests.swift in Sources */,
				95589F852CCCC16000F63AF4 /* iOSTestJigneshLloydsBankingTests.swift in Sources */,
			);
			runOnlyForDeploymentPostprocessing = 0;
		};
		95589F862CCCC16000F63AF4 /* Sources */ = {
			isa = PBXSourcesBuildPhase;
			buildActionMask = 2147483647;
			files = (
				95589F8F2CCCC16000F63AF4 /* iOSTestJigneshLloydsBankingUITests.swift in Sources */,
				95589F912CCCC16000F63AF4 /* iOSTestJigneshLloydsBankingUITestsLaunchTests.swift in Sources */,
			);
			runOnlyForDeploymentPostprocessing = 0;
		};
/* End PBXSourcesBuildPhase section */

/* Begin PBXTargetDependency section */
		95589F822CCCC16000F63AF4 /* PBXTargetDependency */ = {
			isa = PBXTargetDependency;
			target = 95589F6F2CCCC15F00F63AF4 /* iOSTestJigneshLB */;
			targetProxy = 95589F812CCCC16000F63AF4 /* PBXContainerItemProxy */;
		};
		95589F8C2CCCC16000F63AF4 /* PBXTargetDependency */ = {
			isa = PBXTargetDependency;
			target = 95589F6F2CCCC15F00F63AF4 /* iOSTestJigneshLB */;
			targetProxy = 95589F8B2CCCC16000F63AF4 /* PBXContainerItemProxy */;
		};
/* End PBXTargetDependency section */

/* Begin XCBuildConfiguration section */
		95589F922CCCC16100F63AF4 /* Debug */ = {
			isa = XCBuildConfiguration;
			buildSettings = {
				ALWAYS_SEARCH_USER_PATHS = NO;
				ASSETCATALOG_COMPILER_GENERATE_SWIFT_ASSET_SYMBOL_EXTENSIONS = YES;
				CLANG_ANALYZER_NONNULL = YES;
				CLANG_ANALYZER_NUMBER_OBJECT_CONVERSION = YES_AGGRESSIVE;
				CLANG_CXX_LANGUAGE_STANDARD = "gnu++20";
				CLANG_ENABLE_MODULES = YES;
				CLANG_ENABLE_OBJC_ARC = YES;
				CLANG_ENABLE_OBJC_WEAK = YES;
				CLANG_WARN_BLOCK_CAPTURE_AUTORELEASING = YES;
				CLANG_WARN_BOOL_CONVERSION = YES;
				CLANG_WARN_COMMA = YES;
				CLANG_WARN_CONSTANT_CONVERSION = YES;
				CLANG_WARN_DEPRECATED_OBJC_IMPLEMENTATIONS = YES;
				CLANG_WARN_DIRECT_OBJC_ISA_USAGE = YES_ERROR;
				CLANG_WARN_DOCUMENTATION_COMMENTS = YES;
				CLANG_WARN_EMPTY_BODY = YES;
				CLANG_WARN_ENUM_CONVERSION = YES;
				CLANG_WARN_INFINITE_RECURSION = YES;
				CLANG_WARN_INT_CONVERSION = YES;
				CLANG_WARN_NON_LITERAL_NULL_CONVERSION = YES;
				CLANG_WARN_OBJC_IMPLICIT_RETAIN_SELF = YES;
				CLANG_WARN_OBJC_LITERAL_CONVERSION = YES;
				CLANG_WARN_OBJC_ROOT_CLASS = YES_ERROR;
				CLANG_WARN_QUOTED_INCLUDE_IN_FRAMEWORK_HEADER = YES;
				CLANG_WARN_RANGE_LOOP_ANALYSIS = YES;
				CLANG_WARN_STRICT_PROTOTYPES = YES;
				CLANG_WARN_SUSPICIOUS_MOVE = YES;
				CLANG_WARN_UNGUARDED_AVAILABILITY = YES_AGGRESSIVE;
				CLANG_WARN_UNREACHABLE_CODE = YES;
				CLANG_WARN__DUPLICATE_METHOD_MATCH = YES;
				COPY_PHASE_STRIP = NO;
				DEBUG_INFORMATION_FORMAT = dwarf;
				ENABLE_STRICT_OBJC_MSGSEND = YES;
				ENABLE_TESTABILITY = YES;
				ENABLE_USER_SCRIPT_SANDBOXING = YES;
				GCC_C_LANGUAGE_STANDARD = gnu17;
				GCC_DYNAMIC_NO_PIC = NO;
				GCC_NO_COMMON_BLOCKS = YES;
				GCC_OPTIMIZATION_LEVEL = 0;
				GCC_PREPROCESSOR_DEFINITIONS = (
					"DEBUG=1",
					"$(inherited)",
				);
				GCC_WARN_64_TO_32_BIT_CONVERSION = YES;
				GCC_WARN_ABOUT_RETURN_TYPE = YES_ERROR;
				GCC_WARN_UNDECLARED_SELECTOR = YES;
				GCC_WARN_UNINITIALIZED_AUTOS = YES_AGGRESSIVE;
				GCC_WARN_UNUSED_FUNCTION = YES;
				GCC_WARN_UNUSED_VARIABLE = YES;
				IPHONEOS_DEPLOYMENT_TARGET = 17.5;
				LOCALIZATION_PREFERS_STRING_CATALOGS = YES;
				MTL_ENABLE_DEBUG_INFO = INCLUDE_SOURCE;
				MTL_FAST_MATH = YES;
				ONLY_ACTIVE_ARCH = YES;
				SDKROOT = iphoneos;
				SWIFT_ACTIVE_COMPILATION_CONDITIONS = "DEBUG $(inherited)";
				SWIFT_OPTIMIZATION_LEVEL = "-Onone";
			};
			name = Debug;
		};
		95589F932CCCC16100F63AF4 /* Release */ = {
			isa = XCBuildConfiguration;
			buildSettings = {
				ALWAYS_SEARCH_USER_PATHS = NO;
				ASSETCATALOG_COMPILER_GENERATE_SWIFT_ASSET_SYMBOL_EXTENSIONS = YES;
				CLANG_ANALYZER_NONNULL = YES;
				CLANG_ANALYZER_NUMBER_OBJECT_CONVERSION = YES_AGGRESSIVE;
				CLANG_CXX_LANGUAGE_STANDARD = "gnu++20";
				CLANG_ENABLE_MODULES = YES;
				CLANG_ENABLE_OBJC_ARC = YES;
				CLANG_ENABLE_OBJC_WEAK = YES;
				CLANG_WARN_BLOCK_CAPTURE_AUTORELEASING = YES;
				CLANG_WARN_BOOL_CONVERSION = YES;
				CLANG_WARN_COMMA = YES;
				CLANG_WARN_CONSTANT_CONVERSION = YES;
				CLANG_WARN_DEPRECATED_OBJC_IMPLEMENTATIONS = YES;
				CLANG_WARN_DIRECT_OBJC_ISA_USAGE = YES_ERROR;
				CLANG_WARN_DOCUMENTATION_COMMENTS = YES;
				CLANG_WARN_EMPTY_BODY = YES;
				CLANG_WARN_ENUM_CONVERSION = YES;
				CLANG_WARN_INFINITE_RECURSION = YES;
				CLANG_WARN_INT_CONVERSION = YES;
				CLANG_WARN_NON_LITERAL_NULL_CONVERSION = YES;
				CLANG_WARN_OBJC_IMPLICIT_RETAIN_SELF = YES;
				CLANG_WARN_OBJC_LITERAL_CONVERSION = YES;
				CLANG_WARN_OBJC_ROOT_CLASS = YES_ERROR;
				CLANG_WARN_QUOTED_INCLUDE_IN_FRAMEWORK_HEADER = YES;
				CLANG_WARN_RANGE_LOOP_ANALYSIS = YES;
				CLANG_WARN_STRICT_PROTOTYPES = YES;
				CLANG_WARN_SUSPICIOUS_MOVE = YES;
				CLANG_WARN_UNGUARDED_AVAILABILITY = YES_AGGRESSIVE;
				CLANG_WARN_UNREACHABLE_CODE = YES;
				CLANG_WARN__DUPLICATE_METHOD_MATCH = YES;
				COPY_PHASE_STRIP = NO;
				DEBUG_INFORMATION_FORMAT = "dwarf-with-dsym";
				ENABLE_NS_ASSERTIONS = NO;
				ENABLE_STRICT_OBJC_MSGSEND = YES;
				ENABLE_USER_SCRIPT_SANDBOXING = YES;
				GCC_C_LANGUAGE_STANDARD = gnu17;
				GCC_NO_COMMON_BLOCKS = YES;
				GCC_WARN_64_TO_32_BIT_CONVERSION = YES;
				GCC_WARN_ABOUT_RETURN_TYPE = YES_ERROR;
				GCC_WARN_UNDECLARED_SELECTOR = YES;
				GCC_WARN_UNINITIALIZED_AUTOS = YES_AGGRESSIVE;
				GCC_WARN_UNUSED_FUNCTION = YES;
				GCC_WARN_UNUSED_VARIABLE = YES;
				IPHONEOS_DEPLOYMENT_TARGET = 17.5;
				LOCALIZATION_PREFERS_STRING_CATALOGS = YES;
				MTL_ENABLE_DEBUG_INFO = NO;
				MTL_FAST_MATH = YES;
				SDKROOT = iphoneos;
				SWIFT_COMPILATION_MODE = wholemodule;
				VALIDATE_PRODUCT = YES;
			};
			name = Release;
		};
		95589F952CCCC16100F63AF4 /* Debug */ = {
			isa = XCBuildConfiguration;
			buildSettings = {
				ASSETCATALOG_COMPILER_APPICON_NAME = AppIcon;
				ASSETCATALOG_COMPILER_GLOBAL_ACCENT_COLOR_NAME = AccentColor;
				CODE_SIGN_STYLE = Automatic;
				CURRENT_PROJECT_VERSION = 1;
				DEVELOPMENT_ASSET_PATHS = "\"iOSTestiOSTestJigneshLB/Preview Content\"";
				ENABLE_PREVIEWS = YES;
				GENERATE_INFOPLIST_FILE = YES;
				INFOPLIST_KEY_UIApplicationSceneManifest_Generation = YES;
				INFOPLIST_KEY_UIApplicationSupportsIndirectInputEvents = YES;
				INFOPLIST_KEY_UILaunchScreen_Generation = YES;
				INFOPLIST_KEY_UISupportedInterfaceOrientations_iPad = "UIInterfaceOrientationPortrait UIInterfaceOrientationPortraitUpsideDown UIInterfaceOrientationLandscapeLeft UIInterfaceOrientationLandscapeRight";
				INFOPLIST_KEY_UISupportedInterfaceOrientations_iPhone = "UIInterfaceOrientationPortrait UIInterfaceOrientationLandscapeLeft UIInterfaceOrientationLandscapeRight";
				IPHONEOS_DEPLOYMENT_TARGET = 16.0;
				LD_RUNPATH_SEARCH_PATHS = (
					"$(inherited)",
					"@executable_path/Frameworks",
				);
				MARKETING_VERSION = 1.0;
				PRODUCT_BUNDLE_IDENTIFIER = com.league.thelegue.iOSTestJigneshLloydsBanking;
				PRODUCT_NAME = "$(TARGET_NAME)";
				SWIFT_EMIT_LOC_STRINGS = YES;
				SWIFT_VERSION = 5.0;
				TARGETED_DEVICE_FAMILY = "1,2";
			};
			name = Debug;
		};
		95589F962CCCC16100F63AF4 /* Release */ = {
			isa = XCBuildConfiguration;
			buildSettings = {
				ASSETCATALOG_COMPILER_APPICON_NAME = AppIcon;
				ASSETCATALOG_COMPILER_GLOBAL_ACCENT_COLOR_NAME = AccentColor;
				CODE_SIGN_STYLE = Automatic;
				CURRENT_PROJECT_VERSION = 1;
				DEVELOPMENT_ASSET_PATHS = "\"iOSTestiOSTestJigneshLB/Preview Content\"";
				ENABLE_PREVIEWS = YES;
				GENERATE_INFOPLIST_FILE = YES;
				INFOPLIST_KEY_UIApplicationSceneManifest_Generation = YES;
				INFOPLIST_KEY_UIApplicationSupportsIndirectInputEvents = YES;
				INFOPLIST_KEY_UILaunchScreen_Generation = YES;
				INFOPLIST_KEY_UISupportedInterfaceOrientations_iPad = "UIInterfaceOrientationPortrait UIInterfaceOrientationPortraitUpsideDown UIInterfaceOrientationLandscapeLeft UIInterfaceOrientationLandscapeRight";
				INFOPLIST_KEY_UISupportedInterfaceOrientations_iPhone = "UIInterfaceOrientationPortrait UIInterfaceOrientationLandscapeLeft UIInterfaceOrientationLandscapeRight";
				IPHONEOS_DEPLOYMENT_TARGET = 16.0;
				LD_RUNPATH_SEARCH_PATHS = (
					"$(inherited)",
					"@executable_path/Frameworks",
				);
				MARKETING_VERSION = 1.0;
				PRODUCT_BUNDLE_IDENTIFIER = com.league.thelegue.iOSTestJigneshLloydsBanking;
				PRODUCT_NAME = "$(TARGET_NAME)";
				SWIFT_EMIT_LOC_STRINGS = YES;
				SWIFT_VERSION = 5.0;
				TARGETED_DEVICE_FAMILY = "1,2";
			};
			name = Release;
		};
		95589F982CCCC16100F63AF4 /* Debug */ = {
			isa = XCBuildConfiguration;
			buildSettings = {
				ALWAYS_EMBED_SWIFT_STANDARD_LIBRARIES = YES;
				BUNDLE_LOADER = "$(TEST_HOST)";
				CODE_SIGN_STYLE = Automatic;
				CURRENT_PROJECT_VERSION = 1;
				GENERATE_INFOPLIST_FILE = YES;
				IPHONEOS_DEPLOYMENT_TARGET = 17.5;
				MARKETING_VERSION = 1.0;
				PRODUCT_BUNDLE_IDENTIFIER = com.league.thelegue.iOSTestJigneshLloydsBankingTests;
				PRODUCT_NAME = "$(TARGET_NAME)";
				SWIFT_EMIT_LOC_STRINGS = NO;
				SWIFT_VERSION = 5.0;
				TARGETED_DEVICE_FAMILY = "1,2";
				TEST_HOST = "$(BUILT_PRODUCTS_DIR)/iOSTestJigneshLB.app/$(BUNDLE_EXECUTABLE_FOLDER_PATH)/iOSTestJigneshLB";
			};
			name = Debug;
		};
		95589F992CCCC16100F63AF4 /* Release */ = {
			isa = XCBuildConfiguration;
			buildSettings = {
				ALWAYS_EMBED_SWIFT_STANDARD_LIBRARIES = YES;
				BUNDLE_LOADER = "$(TEST_HOST)";
				CODE_SIGN_STYLE = Automatic;
				CURRENT_PROJECT_VERSION = 1;
				GENERATE_INFOPLIST_FILE = YES;
				IPHONEOS_DEPLOYMENT_TARGET = 17.5;
				MARKETING_VERSION = 1.0;
				PRODUCT_BUNDLE_IDENTIFIER = com.league.thelegue.iOSTestJigneshLloydsBankingTests;
				PRODUCT_NAME = "$(TARGET_NAME)";
				SWIFT_EMIT_LOC_STRINGS = NO;
				SWIFT_VERSION = 5.0;
				TARGETED_DEVICE_FAMILY = "1,2";
				TEST_HOST = "$(BUILT_PRODUCTS_DIR)/iOSTestJigneshLB.app/$(BUNDLE_EXECUTABLE_FOLDER_PATH)/iOSTestJigneshLB";
			};
			name = Release;
		};
		95589F9B2CCCC16100F63AF4 /* Debug */ = {
			isa = XCBuildConfiguration;
			buildSettings = {
				ALWAYS_EMBED_SWIFT_STANDARD_LIBRARIES = YES;
				CODE_SIGN_STYLE = Automatic;
				CURRENT_PROJECT_VERSION = 1;
				GENERATE_INFOPLIST_FILE = YES;
				MARKETING_VERSION = 1.0;
				PRODUCT_BUNDLE_IDENTIFIER = com.league.thelegue.iOSTestJigneshLloydsBankingUITests;
				PRODUCT_NAME = "$(TARGET_NAME)";
				SWIFT_EMIT_LOC_STRINGS = NO;
				SWIFT_VERSION = 5.0;
				TARGETED_DEVICE_FAMILY = "1,2";
				TEST_TARGET_NAME = iOSTestJigneshLloydsBanking;
			};
			name = Debug;
		};
		95589F9C2CCCC16100F63AF4 /* Release */ = {
			isa = XCBuildConfiguration;
			buildSettings = {
				ALWAYS_EMBED_SWIFT_STANDARD_LIBRARIES = YES;
				CODE_SIGN_STYLE = Automatic;
				CURRENT_PROJECT_VERSION = 1;
				GENERATE_INFOPLIST_FILE = YES;
				MARKETING_VERSION = 1.0;
				PRODUCT_BUNDLE_IDENTIFIER = com.league.thelegue.iOSTestJigneshLloydsBankingUITests;
				PRODUCT_NAME = "$(TARGET_NAME)";
				SWIFT_EMIT_LOC_STRINGS = NO;
				SWIFT_VERSION = 5.0;
				TARGETED_DEVICE_FAMILY = "1,2";
				TEST_TARGET_NAME = iOSTestJigneshLloydsBanking;
			};
			name = Release;
		};
/* End XCBuildConfiguration section */

/* Begin XCConfigurationList section */
		95589F6B2CCCC15E00F63AF4 /* Build configuration list for PBXProject "iOSTestJigneshLB" */ = {
			isa = XCConfigurationList;
			buildConfigurations = (
				95589F922CCCC16100F63AF4 /* Debug */,
				95589F932CCCC16100F63AF4 /* Release */,
			);
			defaultConfigurationIsVisible = 0;
			defaultConfigurationName = Release;
		};
		95589F942CCCC16100F63AF4 /* Build configuration list for PBXNativeTarget "iOSTestJigneshLB" */ = {
			isa = XCConfigurationList;
			buildConfigurations = (
				95589F952CCCC16100F63AF4 /* Debug */,
				95589F962CCCC16100F63AF4 /* Release */,
			);
			defaultConfigurationIsVisible = 0;
			defaultConfigurationName = Release;
		};
		95589F972CCCC16100F63AF4 /* Build configuration list for PBXNativeTarget "iOSTestJigneshLBTests" */ = {
			isa = XCConfigurationList;
			buildConfigurations = (
				95589F982CCCC16100F63AF4 /* Debug */,
				95589F992CCCC16100F63AF4 /* Release */,
			);
			defaultConfigurationIsVisible = 0;
			defaultConfigurationName = Release;
		};
		95589F9A2CCCC16100F63AF4 /* Build configuration list for PBXNativeTarget "iOSTestJigneshLBUITests" */ = {
			isa = XCConfigurationList;
			buildConfigurations = (
				95589F9B2CCCC16100F63AF4 /* Debug */,
				95589F9C2CCCC16100F63AF4 /* Release */,
			);
			defaultConfigurationIsVisible = 0;
			defaultConfigurationName = Release;
		};
/* End XCConfigurationList section */

/* Begin XCRemoteSwiftPackageReference section */
		958021F32CDA564200CCCD2C /* XCRemoteSwiftPackageReference "SwiftLintPlugins" */ = {
			isa = XCRemoteSwiftPackageReference;
			repositoryURL = "https://github.com/SimplyDanny/SwiftLintPlugins";
			requirement = {
				kind = upToNextMajorVersion;
				minimumVersion = 0.57.0;
			};
		};
/* End XCRemoteSwiftPackageReference section */
	};
	rootObject = 95589F682CCCC15E00F63AF4 /* Project object */;
}
